
Microsoft Visual Studio Solution File, Format Version 12.00
# Visual Studio 15
VisualStudioVersion = 15.0.26206.0
MinimumVisualStudioVersion = 10.0.40219.1
Project("{FAE04EC0-301F-11D3-BF4B-00C04F79EFBC}") = "Project.Api", "Project.Api\Project.Api.csproj", "{BA5EDBED-431A-4F2D-BAD5-71B080D7AB5C}"
EndProject
Project("{E53339B2-1760-4266-BCC7-CA923CBCF16C}") = "docker-compose", "docker-compose.dcproj", "{9F849CA8-EDAE-4C8D-8DBB-9D5756CAA60F}"
EndProject
Project("{2150E333-8FDC-42A3-9474-1A3956D46DE8}") = "Web", "Web", "{D18DD361-FE7D-4F90-A128-377E4344C2DD}"
EndProject
Project("{2150E333-8FDC-42A3-9474-1A3956D46DE8}") = "src", "src", "{15B8D8BC-C0F1-409B-AD58-5FD975210E7B}"
EndProject
Project("{2150E333-8FDC-42A3-9474-1A3956D46DE8}") = "Infra", "Infra", "{EB28B73B-F324-4988-8706-8EFF59A0D949}"
EndProject
Project("{2150E333-8FDC-42A3-9474-1A3956D46DE8}") = "Data", "Data", "{15D02113-0DFF-4169-B6C3-11FE0D035761}"
EndProject
Project("{FAE04EC0-301F-11D3-BF4B-00C04F79EFBC}") = "Project.Infra.Data", "Project.Infra.Data\Project.Infra.Data.csproj", "{45F162E6-336F-4D04-B4EB-C9B18E10887F}"
EndProject
Project("{2150E333-8FDC-42A3-9474-1A3956D46DE8}") = "Domain", "Domain", "{DECA2DFD-160D-4C27-87C5-14BE9860E4A3}"
EndProject
Project("{FAE04EC0-301F-11D3-BF4B-00C04F79EFBC}") = "Project.Domain", "Project.Domain\Project.Domain.csproj", "{05852FA1-7311-405E-808C-D424FE5114E0}"
EndProject
Project("{FAE04EC0-301F-11D3-BF4B-00C04F79EFBC}") = "Project.Domain.Core", "Project.Domain.Core\Project.Domain.Core.csproj", "{898C68F5-5597-4EC6-B975-CB4B53F75ACC}"
EndProject
Project("{2150E333-8FDC-42A3-9474-1A3956D46DE8}") = "CrossCutting", "CrossCutting", "{59745924-71B9-4D4C-9906-20AD699BAE68}"
EndProject
Project("{FAE04EC0-301F-11D3-BF4B-00C04F79EFBC}") = "Project.Infra.CrossCutting.Bus", "Project.Infra.CrossCutting.Bus\Project.Infra.CrossCutting.Bus.csproj", "{FFED0E24-772B-4E43-B133-3977182DB972}"
EndProject
Project("{FAE04EC0-301F-11D3-BF4B-00C04F79EFBC}") = "Project.Infra.CrossCutting.Identity", "Project.Infra.CrossCutting.Identity\Project.Infra.CrossCutting.Identity.csproj", "{202A863F-17F1-47F9-A42F-EBB3F91E5D72}"
EndProject
Project("{FAE04EC0-301F-11D3-BF4B-00C04F79EFBC}") = "Project.Infra.CrossCutting.IoC", "Project.Infra.CrossCutting.IoC\Project.Infra.CrossCutting.IoC.csproj", "{8CC200EB-9CDC-4DCF-BF32-81A867FA1DF3}"
EndProject
Project("{2150E333-8FDC-42A3-9474-1A3956D46DE8}") = "Application", "Application", "{57A06D6E-F06C-4DB4-9ACC-8DDA67A1F43A}"
EndProject
Project("{FAE04EC0-301F-11D3-BF4B-00C04F79EFBC}") = "Project.Application", "Project.Application\Project.Application.csproj", "{71F7BAFD-FA92-403A-B678-A90267BF7F61}"
EndProject
Global
	GlobalSection(SolutionConfigurationPlatforms) = preSolution
		Debug|Any CPU = Debug|Any CPU
		Debug|x64 = Debug|x64
		Debug|x86 = Debug|x86
		Release|Any CPU = Release|Any CPU
		Release|x64 = Release|x64
		Release|x86 = Release|x86
	EndGlobalSection
	GlobalSection(ProjectConfigurationPlatforms) = postSolution
		{BA5EDBED-431A-4F2D-BAD5-71B080D7AB5C}.Debug|Any CPU.ActiveCfg = Debug|Any CPU
		{BA5EDBED-431A-4F2D-BAD5-71B080D7AB5C}.Debug|Any CPU.Build.0 = Debug|Any CPU
		{BA5EDBED-431A-4F2D-BAD5-71B080D7AB5C}.Debug|x64.ActiveCfg = Debug|x64
		{BA5EDBED-431A-4F2D-BAD5-71B080D7AB5C}.Debug|x64.Build.0 = Debug|x64
		{BA5EDBED-431A-4F2D-BAD5-71B080D7AB5C}.Debug|x86.ActiveCfg = Debug|x86
		{BA5EDBED-431A-4F2D-BAD5-71B080D7AB5C}.Debug|x86.Build.0 = Debug|x86
		{BA5EDBED-431A-4F2D-BAD5-71B080D7AB5C}.Release|Any CPU.ActiveCfg = Release|Any CPU
		{BA5EDBED-431A-4F2D-BAD5-71B080D7AB5C}.Release|Any CPU.Build.0 = Release|Any CPU
		{BA5EDBED-431A-4F2D-BAD5-71B080D7AB5C}.Release|x64.ActiveCfg = Release|x64
		{BA5EDBED-431A-4F2D-BAD5-71B080D7AB5C}.Release|x64.Build.0 = Release|x64
		{BA5EDBED-431A-4F2D-BAD5-71B080D7AB5C}.Release|x86.ActiveCfg = Release|x86
		{BA5EDBED-431A-4F2D-BAD5-71B080D7AB5C}.Release|x86.Build.0 = Release|x86
		{9F849CA8-EDAE-4C8D-8DBB-9D5756CAA60F}.Debug|Any CPU.ActiveCfg = Debug|Any CPU
		{9F849CA8-EDAE-4C8D-8DBB-9D5756CAA60F}.Debug|Any CPU.Build.0 = Debug|Any CPU
		{9F849CA8-EDAE-4C8D-8DBB-9D5756CAA60F}.Debug|x64.ActiveCfg = Debug|Any CPU
		{9F849CA8-EDAE-4C8D-8DBB-9D5756CAA60F}.Debug|x64.Build.0 = Debug|Any CPU
		{9F849CA8-EDAE-4C8D-8DBB-9D5756CAA60F}.Debug|x86.ActiveCfg = Debug|Any CPU
		{9F849CA8-EDAE-4C8D-8DBB-9D5756CAA60F}.Debug|x86.Build.0 = Debug|Any CPU
		{9F849CA8-EDAE-4C8D-8DBB-9D5756CAA60F}.Release|Any CPU.ActiveCfg = Release|Any CPU
		{9F849CA8-EDAE-4C8D-8DBB-9D5756CAA60F}.Release|Any CPU.Build.0 = Release|Any CPU
		{9F849CA8-EDAE-4C8D-8DBB-9D5756CAA60F}.Release|x64.ActiveCfg = Release|Any CPU
		{9F849CA8-EDAE-4C8D-8DBB-9D5756CAA60F}.Release|x64.Build.0 = Release|Any CPU
		{9F849CA8-EDAE-4C8D-8DBB-9D5756CAA60F}.Release|x86.ActiveCfg = Release|Any CPU
		{9F849CA8-EDAE-4C8D-8DBB-9D5756CAA60F}.Release|x86.Build.0 = Release|Any CPU
		{45F162E6-336F-4D04-B4EB-C9B18E10887F}.Debug|Any CPU.ActiveCfg = Debug|Any CPU
		{45F162E6-336F-4D04-B4EB-C9B18E10887F}.Debug|Any CPU.Build.0 = Debug|Any CPU
		{45F162E6-336F-4D04-B4EB-C9B18E10887F}.Debug|x64.ActiveCfg = Debug|x64
		{45F162E6-336F-4D04-B4EB-C9B18E10887F}.Debug|x64.Build.0 = Debug|x64
		{45F162E6-336F-4D04-B4EB-C9B18E10887F}.Debug|x86.ActiveCfg = Debug|x86
		{45F162E6-336F-4D04-B4EB-C9B18E10887F}.Debug|x86.Build.0 = Debug|x86
		{45F162E6-336F-4D04-B4EB-C9B18E10887F}.Release|Any CPU.ActiveCfg = Release|Any CPU
		{45F162E6-336F-4D04-B4EB-C9B18E10887F}.Release|Any CPU.Build.0 = Release|Any CPU
		{45F162E6-336F-4D04-B4EB-C9B18E10887F}.Release|x64.ActiveCfg = Release|x64
		{45F162E6-336F-4D04-B4EB-C9B18E10887F}.Release|x64.Build.0 = Release|x64
		{45F162E6-336F-4D04-B4EB-C9B18E10887F}.Release|x86.ActiveCfg = Release|x86
		{45F162E6-336F-4D04-B4EB-C9B18E10887F}.Release|x86.Build.0 = Release|x86
		{05852FA1-7311-405E-808C-D424FE5114E0}.Debug|Any CPU.ActiveCfg = Debug|Any CPU
		{05852FA1-7311-405E-808C-D424FE5114E0}.Debug|Any CPU.Build.0 = Debug|Any CPU
		{05852FA1-7311-405E-808C-D424FE5114E0}.Debug|x64.ActiveCfg = Debug|x64
		{05852FA1-7311-405E-808C-D424FE5114E0}.Debug|x64.Build.0 = Debug|x64
		{05852FA1-7311-405E-808C-D424FE5114E0}.Debug|x86.ActiveCfg = Debug|x86
		{05852FA1-7311-405E-808C-D424FE5114E0}.Debug|x86.Build.0 = Debug|x86
		{05852FA1-7311-405E-808C-D424FE5114E0}.Release|Any CPU.ActiveCfg = Release|Any CPU
		{05852FA1-7311-405E-808C-D424FE5114E0}.Release|Any CPU.Build.0 = Release|Any CPU
		{05852FA1-7311-405E-808C-D424FE5114E0}.Release|x64.ActiveCfg = Release|x64
		{05852FA1-7311-405E-808C-D424FE5114E0}.Release|x64.Build.0 = Release|x64
		{05852FA1-7311-405E-808C-D424FE5114E0}.Release|x86.ActiveCfg = Release|x86
		{05852FA1-7311-405E-808C-D424FE5114E0}.Release|x86.Build.0 = Release|x86
		{898C68F5-5597-4EC6-B975-CB4B53F75ACC}.Debug|Any CPU.ActiveCfg = Debug|Any CPU
		{898C68F5-5597-4EC6-B975-CB4B53F75ACC}.Debug|Any CPU.Build.0 = Debug|Any CPU
		{898C68F5-5597-4EC6-B975-CB4B53F75ACC}.Debug|x64.ActiveCfg = Debug|x64
		{898C68F5-5597-4EC6-B975-CB4B53F75ACC}.Debug|x64.Build.0 = Debug|x64
		{898C68F5-5597-4EC6-B975-CB4B53F75ACC}.Debug|x86.ActiveCfg = Debug|x86
		{898C68F5-5597-4EC6-B975-CB4B53F75ACC}.Debug|x86.Build.0 = Debug|x86
		{898C68F5-5597-4EC6-B975-CB4B53F75ACC}.Release|Any CPU.ActiveCfg = Release|Any CPU
		{898C68F5-5597-4EC6-B975-CB4B53F75ACC}.Release|Any CPU.Build.0 = Release|Any CPU
		{898C68F5-5597-4EC6-B975-CB4B53F75ACC}.Release|x64.ActiveCfg = Release|x64
		{898C68F5-5597-4EC6-B975-CB4B53F75ACC}.Release|x64.Build.0 = Release|x64
		{898C68F5-5597-4EC6-B975-CB4B53F75ACC}.Release|x86.ActiveCfg = Release|x86
		{898C68F5-5597-4EC6-B975-CB4B53F75ACC}.Release|x86.Build.0 = Release|x86
		{FFED0E24-772B-4E43-B133-3977182DB972}.Debug|Any CPU.ActiveCfg = Debug|Any CPU
		{FFED0E24-772B-4E43-B133-3977182DB972}.Debug|Any CPU.Build.0 = Debug|Any CPU
		{FFED0E24-772B-4E43-B133-3977182DB972}.Debug|x64.ActiveCfg = Debug|x64
		{FFED0E24-772B-4E43-B133-3977182DB972}.Debug|x64.Build.0 = Debug|x64
		{FFED0E24-772B-4E43-B133-3977182DB972}.Debug|x86.ActiveCfg = Debug|x86
		{FFED0E24-772B-4E43-B133-3977182DB972}.Debug|x86.Build.0 = Debug|x86
		{FFED0E24-772B-4E43-B133-3977182DB972}.Release|Any CPU.ActiveCfg = Release|Any CPU
		{FFED0E24-772B-4E43-B133-3977182DB972}.Release|Any CPU.Build.0 = Release|Any CPU
		{FFED0E24-772B-4E43-B133-3977182DB972}.Release|x64.ActiveCfg = Release|x64
		{FFED0E24-772B-4E43-B133-3977182DB972}.Release|x64.Build.0 = Release|x64
		{FFED0E24-772B-4E43-B133-3977182DB972}.Release|x86.ActiveCfg = Release|x86
		{FFED0E24-772B-4E43-B133-3977182DB972}.Release|x86.Build.0 = Release|x86
		{202A863F-17F1-47F9-A42F-EBB3F91E5D72}.Debug|Any CPU.ActiveCfg = Debug|Any CPU
		{202A863F-17F1-47F9-A42F-EBB3F91E5D72}.Debug|Any CPU.Build.0 = Debug|Any CPU
		{202A863F-17F1-47F9-A42F-EBB3F91E5D72}.Debug|x64.ActiveCfg = Debug|x64
		{202A863F-17F1-47F9-A42F-EBB3F91E5D72}.Debug|x64.Build.0 = Debug|x64
		{202A863F-17F1-47F9-A42F-EBB3F91E5D72}.Debug|x86.ActiveCfg = Debug|x86
		{202A863F-17F1-47F9-A42F-EBB3F91E5D72}.Debug|x86.Build.0 = Debug|x86
		{202A863F-17F1-47F9-A42F-EBB3F91E5D72}.Release|Any CPU.ActiveCfg = Release|Any CPU
		{202A863F-17F1-47F9-A42F-EBB3F91E5D72}.Release|Any CPU.Build.0 = Release|Any CPU
		{202A863F-17F1-47F9-A42F-EBB3F91E5D72}.Release|x64.ActiveCfg = Release|x64
		{202A863F-17F1-47F9-A42F-EBB3F91E5D72}.Release|x64.Build.0 = Release|x64
		{202A863F-17F1-47F9-A42F-EBB3F91E5D72}.Release|x86.ActiveCfg = Release|x86
		{202A863F-17F1-47F9-A42F-EBB3F91E5D72}.Release|x86.Build.0 = Release|x86
		{8CC200EB-9CDC-4DCF-BF32-81A867FA1DF3}.Debug|Any CPU.ActiveCfg = Debug|Any CPU
		{8CC200EB-9CDC-4DCF-BF32-81A867FA1DF3}.Debug|Any CPU.Build.0 = Debug|Any CPU
		{8CC200EB-9CDC-4DCF-BF32-81A867FA1DF3}.Debug|x64.ActiveCfg = Debug|x64
		{8CC200EB-9CDC-4DCF-BF32-81A867FA1DF3}.Debug|x64.Build.0 = Debug|x64
		{8CC200EB-9CDC-4DCF-BF32-81A867FA1DF3}.Debug|x86.ActiveCfg = Debug|x86
		{8CC200EB-9CDC-4DCF-BF32-81A867FA1DF3}.Debug|x86.Build.0 = Debug|x86
		{8CC200EB-9CDC-4DCF-BF32-81A867FA1DF3}.Release|Any CPU.ActiveCfg = Release|Any CPU
		{8CC200EB-9CDC-4DCF-BF32-81A867FA1DF3}.Release|Any CPU.Build.0 = Release|Any CPU
		{8CC200EB-9CDC-4DCF-BF32-81A867FA1DF3}.Release|x64.ActiveCfg = Release|x64
		{8CC200EB-9CDC-4DCF-BF32-81A867FA1DF3}.Release|x64.Build.0 = Release|x64
		{8CC200EB-9CDC-4DCF-BF32-81A867FA1DF3}.Release|x86.ActiveCfg = Release|x86
		{8CC200EB-9CDC-4DCF-BF32-81A867FA1DF3}.Release|x86.Build.0 = Release|x86
		{71F7BAFD-FA92-403A-B678-A90267BF7F61}.Debug|Any CPU.ActiveCfg = Debug|Any CPU
		{71F7BAFD-FA92-403A-B678-A90267BF7F61}.Debug|Any CPU.Build.0 = Debug|Any CPU
		{71F7BAFD-FA92-403A-B678-A90267BF7F61}.Debug|x64.ActiveCfg = Debug|x64
		{71F7BAFD-FA92-403A-B678-A90267BF7F61}.Debug|x64.Build.0 = Debug|x64
		{71F7BAFD-FA92-403A-B678-A90267BF7F61}.Debug|x86.ActiveCfg = Debug|x86
		{71F7BAFD-FA92-403A-B678-A90267BF7F61}.Debug|x86.Build.0 = Debug|x86
		{71F7BAFD-FA92-403A-B678-A90267BF7F61}.Release|Any CPU.ActiveCfg = Release|Any CPU
		{71F7BAFD-FA92-403A-B678-A90267BF7F61}.Release|Any CPU.Build.0 = Release|Any CPU
		{71F7BAFD-FA92-403A-B678-A90267BF7F61}.Release|x64.ActiveCfg = Release|x64
		{71F7BAFD-FA92-403A-B678-A90267BF7F61}.Release|x64.Build.0 = Release|x64
		{71F7BAFD-FA92-403A-B678-A90267BF7F61}.Release|x86.ActiveCfg = Release|x86
		{71F7BAFD-FA92-403A-B678-A90267BF7F61}.Release|x86.Build.0 = Release|x86
	EndGlobalSection
	GlobalSection(SolutionProperties) = preSolution
		HideSolutionNode = FALSE
	EndGlobalSection
	GlobalSection(NestedProjects) = preSolution
		{BA5EDBED-431A-4F2D-BAD5-71B080D7AB5C} = {D18DD361-FE7D-4F90-A128-377E4344C2DD}
		{D18DD361-FE7D-4F90-A128-377E4344C2DD} = {15B8D8BC-C0F1-409B-AD58-5FD975210E7B}
		{EB28B73B-F324-4988-8706-8EFF59A0D949} = {15B8D8BC-C0F1-409B-AD58-5FD975210E7B}
		{15D02113-0DFF-4169-B6C3-11FE0D035761} = {EB28B73B-F324-4988-8706-8EFF59A0D949}
		{45F162E6-336F-4D04-B4EB-C9B18E10887F} = {15D02113-0DFF-4169-B6C3-11FE0D035761}
		{DECA2DFD-160D-4C27-87C5-14BE9860E4A3} = {15B8D8BC-C0F1-409B-AD58-5FD975210E7B}
		{05852FA1-7311-405E-808C-D424FE5114E0} = {DECA2DFD-160D-4C27-87C5-14BE9860E4A3}
		{898C68F5-5597-4EC6-B975-CB4B53F75ACC} = {DECA2DFD-160D-4C27-87C5-14BE9860E4A3}
		{59745924-71B9-4D4C-9906-20AD699BAE68} = {EB28B73B-F324-4988-8706-8EFF59A0D949}
		{FFED0E24-772B-4E43-B133-3977182DB972} = {59745924-71B9-4D4C-9906-20AD699BAE68}
		{202A863F-17F1-47F9-A42F-EBB3F91E5D72} = {59745924-71B9-4D4C-9906-20AD699BAE68}
		{8CC200EB-9CDC-4DCF-BF32-81A867FA1DF3} = {59745924-71B9-4D4C-9906-20AD699BAE68}
		{57A06D6E-F06C-4DB4-9ACC-8DDA67A1F43A} = {15B8D8BC-C0F1-409B-AD58-5FD975210E7B}
		{71F7BAFD-FA92-403A-B678-A90267BF7F61} = {57A06D6E-F06C-4DB4-9ACC-8DDA67A1F43A}
	EndGlobalSection
EndGlobal
